// !$*UTF8*$!
{
	archiveVersion = 1;
	classes = {
	};
	objectVersion = 56;
	objects = {

/* Begin PBXBuildFile section */
		B02A248329694C3700853BCD /* SelectModeViewController.swift in Sources */ = {isa = PBXBuildFile; fileRef = B02A248229694C3700853BCD /* SelectModeViewController.swift */; };
		B02A24C12969DCEC00853BCD /* MainGameViewController.swift in Sources */ = {isa = PBXBuildFile; fileRef = B02A24C02969DCEC00853BCD /* MainGameViewController.swift */; };
		B076A7C02965570E0055298C /* AppDelegate.swift in Sources */ = {isa = PBXBuildFile; fileRef = B076A7BF2965570E0055298C /* AppDelegate.swift */; };
		B076A7C22965570E0055298C /* SceneDelegate.swift in Sources */ = {isa = PBXBuildFile; fileRef = B076A7C12965570E0055298C /* SceneDelegate.swift */; };
		B076A7C72965570E0055298C /* Main.storyboard in Resources */ = {isa = PBXBuildFile; fileRef = B076A7C52965570E0055298C /* Main.storyboard */; };
		B076A7C92965570F0055298C /* Assets.xcassets in Resources */ = {isa = PBXBuildFile; fileRef = B076A7C82965570F0055298C /* Assets.xcassets */; };
		B076A7CC2965570F0055298C /* LaunchScreen.storyboard in Resources */ = {isa = PBXBuildFile; fileRef = B076A7CA2965570F0055298C /* LaunchScreen.storyboard */; };
		B076A7D72965570F0055298C /* BrainGamesGameTests.swift in Sources */ = {isa = PBXBuildFile; fileRef = B076A7D62965570F0055298C /* BrainGamesGameTests.swift */; };
		B076A7E12965570F0055298C /* BrainGamesGameUITests.swift in Sources */ = {isa = PBXBuildFile; fileRef = B076A7E02965570F0055298C /* BrainGamesGameUITests.swift */; };
		B076A7E32965570F0055298C /* BrainGamesGameUITestsLaunchTests.swift in Sources */ = {isa = PBXBuildFile; fileRef = B076A7E22965570F0055298C /* BrainGamesGameUITestsLaunchTests.swift */; };
		B076A7F0296557950055298C /* CategoryViewController.swift in Sources */ = {isa = PBXBuildFile; fileRef = B076A7EF296557950055298C /* CategoryViewController.swift */; };
		B076A7F32965586E0055298C /* GameCollectionViewCell.swift in Sources */ = {isa = PBXBuildFile; fileRef = B076A7F12965586E0055298C /* GameCollectionViewCell.swift */; };
		B076A7F42965586E0055298C /* GameCollectionViewCell.xib in Resources */ = {isa = PBXBuildFile; fileRef = B076A7F22965586E0055298C /* GameCollectionViewCell.xib */; };
/* End PBXBuildFile section */

/* Begin PBXContainerItemProxy section */
		B076A7D32965570F0055298C /* PBXContainerItemProxy */ = {
			isa = PBXContainerItemProxy;
			containerPortal = B076A7B42965570E0055298C /* Project object */;
			proxyType = 1;
			remoteGlobalIDString = B076A7BB2965570E0055298C;
			remoteInfo = BrainGamesGame;
		};
		B076A7DD2965570F0055298C /* PBXContainerItemProxy */ = {
			isa = PBXContainerItemProxy;
			containerPortal = B076A7B42965570E0055298C /* Project object */;
			proxyType = 1;
			remoteGlobalIDString = B076A7BB2965570E0055298C;
			remoteInfo = BrainGamesGame;
		};
/* End PBXContainerItemProxy section */

/* Begin PBXFileReference section */
		B02A248229694C3700853BCD /* SelectModeViewController.swift */ = {isa = PBXFileReference; lastKnownFileType = sourcecode.swift; path = SelectModeViewController.swift; sourceTree = "<group>"; };
		B02A24C02969DCEC00853BCD /* MainGameViewController.swift */ = {isa = PBXFileReference; lastKnownFileType = sourcecode.swift; path = MainGameViewController.swift; sourceTree = "<group>"; };
		B076A7BC2965570E0055298C /* BrainGamesGame.app */ = {isa = PBXFileReference; explicitFileType = wrapper.application; includeInIndex = 0; path = BrainGamesGame.app; sourceTree = BUILT_PRODUCTS_DIR; };
		B076A7BF2965570E0055298C /* AppDelegate.swift */ = {isa = PBXFileReference; lastKnownFileType = sourcecode.swift; path = AppDelegate.swift; sourceTree = "<group>"; };
		B076A7C12965570E0055298C /* SceneDelegate.swift */ = {isa = PBXFileReference; lastKnownFileType = sourcecode.swift; path = SceneDelegate.swift; sourceTree = "<group>"; };
		B076A7C62965570E0055298C /* Base */ = {isa = PBXFileReference; lastKnownFileType = file.storyboard; name = Base; path = Base.lproj/Main.storyboard; sourceTree = "<group>"; };
		B076A7C82965570F0055298C /* Assets.xcassets */ = {isa = PBXFileReference; lastKnownFileType = folder.assetcatalog; path = Assets.xcassets; sourceTree = "<group>"; };
		B076A7CB2965570F0055298C /* Base */ = {isa = PBXFileReference; lastKnownFileType = file.storyboard; name = Base; path = Base.lproj/LaunchScreen.storyboard; sourceTree = "<group>"; };
		B076A7CD2965570F0055298C /* Info.plist */ = {isa = PBXFileReference; lastKnownFileType = text.plist.xml; path = Info.plist; sourceTree = "<group>"; };
		B076A7D22965570F0055298C /* BrainGamesGameTests.xctest */ = {isa = PBXFileReference; explicitFileType = wrapper.cfbundle; includeInIndex = 0; path = BrainGamesGameTests.xctest; sourceTree = BUILT_PRODUCTS_DIR; };
		B076A7D62965570F0055298C /* BrainGamesGameTests.swift */ = {isa = PBXFileReference; lastKnownFileType = sourcecode.swift; path = BrainGamesGameTests.swift; sourceTree = "<group>"; };
		B076A7DC2965570F0055298C /* BrainGamesGameUITests.xctest */ = {isa = PBXFileReference; explicitFileType = wrapper.cfbundle; includeInIndex = 0; path = BrainGamesGameUITests.xctest; sourceTree = BUILT_PRODUCTS_DIR; };
		B076A7E02965570F0055298C /* BrainGamesGameUITests.swift */ = {isa = PBXFileReference; lastKnownFileType = sourcecode.swift; path = BrainGamesGameUITests.swift; sourceTree = "<group>"; };
		B076A7E22965570F0055298C /* BrainGamesGameUITestsLaunchTests.swift */ = {isa = PBXFileReference; lastKnownFileType = sourcecode.swift; path = BrainGamesGameUITestsLaunchTests.swift; sourceTree = "<group>"; };
		B076A7EF296557950055298C /* CategoryViewController.swift */ = {isa = PBXFileReference; lastKnownFileType = sourcecode.swift; path = CategoryViewController.swift; sourceTree = "<group>"; };
		B076A7F12965586E0055298C /* GameCollectionViewCell.swift */ = {isa = PBXFileReference; lastKnownFileType = sourcecode.swift; path = GameCollectionViewCell.swift; sourceTree = "<group>"; };
		B076A7F22965586E0055298C /* GameCollectionViewCell.xib */ = {isa = PBXFileReference; lastKnownFileType = file.xib; path = GameCollectionViewCell.xib; sourceTree = "<group>"; };
/* End PBXFileReference section */

/* Begin PBXFrameworksBuildPhase section */
		B076A7B92965570E0055298C /* Frameworks */ = {
			isa = PBXFrameworksBuildPhase;
			buildActionMask = 2147483647;
			files = (
			);
			runOnlyForDeploymentPostprocessing = 0;
		};
		B076A7CF2965570F0055298C /* Frameworks */ = {
			isa = PBXFrameworksBuildPhase;
			buildActionMask = 2147483647;
			files = (
			);
			runOnlyForDeploymentPostprocessing = 0;
		};
		B076A7D92965570F0055298C /* Frameworks */ = {
			isa = PBXFrameworksBuildPhase;
			buildActionMask = 2147483647;
			files = (
			);
			runOnlyForDeploymentPostprocessing = 0;
		};
/* End PBXFrameworksBuildPhase section */

/* Begin PBXGroup section */
		B076A7B32965570E0055298C = {
			isa = PBXGroup;
			children = (
				B076A7BE2965570E0055298C /* BrainGamesGame */,
				B076A7D52965570F0055298C /* BrainGamesGameTests */,
				B076A7DF2965570F0055298C /* BrainGamesGameUITests */,
				B076A7BD2965570E0055298C /* Products */,
			);
			sourceTree = "<group>";
		};
		B076A7BD2965570E0055298C /* Products */ = {
			isa = PBXGroup;
			children = (
				B076A7BC2965570E0055298C /* BrainGamesGame.app */,
				B076A7D22965570F0055298C /* BrainGamesGameTests.xctest */,
				B076A7DC2965570F0055298C /* BrainGamesGameUITests.xctest */,
			);
			name = Products;
			sourceTree = "<group>";
		};
		B076A7BE2965570E0055298C /* BrainGamesGame */ = {
			isa = PBXGroup;
			children = (
				B076A7BF2965570E0055298C /* AppDelegate.swift */,
				B076A7C12965570E0055298C /* SceneDelegate.swift */,
				B076A7EF296557950055298C /* CategoryViewController.swift */,
				B02A248229694C3700853BCD /* SelectModeViewController.swift */,
				B02A24C02969DCEC00853BCD /* MainGameViewController.swift */,
				B076A7F12965586E0055298C /* GameCollectionViewCell.swift */,
				B076A7F22965586E0055298C /* GameCollectionViewCell.xib */,
				B076A7C52965570E0055298C /* Main.storyboard */,
				B076A7C82965570F0055298C /* Assets.xcassets */,
				B076A7CA2965570F0055298C /* LaunchScreen.storyboard */,
				B076A7CD2965570F0055298C /* Info.plist */,
			);
			path = BrainGamesGame;
			sourceTree = "<group>";
		};
		B076A7D52965570F0055298C /* BrainGamesGameTests */ = {
			isa = PBXGroup;
			children = (
				B076A7D62965570F0055298C /* BrainGamesGameTests.swift */,
			);
			path = BrainGamesGameTests;
			sourceTree = "<group>";
		};
		B076A7DF2965570F0055298C /* BrainGamesGameUITests */ = {
			isa = PBXGroup;
			children = (
				B076A7E02965570F0055298C /* BrainGamesGameUITests.swift */,
				B076A7E22965570F0055298C /* BrainGamesGameUITestsLaunchTests.swift */,
			);
			path = BrainGamesGameUITests;
			sourceTree = "<group>";
		};
/* End PBXGroup section */

/* Begin PBXNativeTarget section */
		B076A7BB2965570E0055298C /* BrainGamesGame */ = {
			isa = PBXNativeTarget;
			buildConfigurationList = B076A7E62965570F0055298C /* Build configuration list for PBXNativeTarget "BrainGamesGame" */;
			buildPhases = (
				B076A7B82965570E0055298C /* Sources */,
				B076A7B92965570E0055298C /* Frameworks */,
				B076A7BA2965570E0055298C /* Resources */,
			);
			buildRules = (
			);
			dependencies = (
			);
			name = BrainGamesGame;
			productName = BrainGamesGame;
			productReference = B076A7BC2965570E0055298C /* BrainGamesGame.app */;
			productType = "com.apple.product-type.application";
		};
		B076A7D12965570F0055298C /* BrainGamesGameTests */ = {
			isa = PBXNativeTarget;
			buildConfigurationList = B076A7E92965570F0055298C /* Build configuration list for PBXNativeTarget "BrainGamesGameTests" */;
			buildPhases = (
				B076A7CE2965570F0055298C /* Sources */,
				B076A7CF2965570F0055298C /* Frameworks */,
				B076A7D02965570F0055298C /* Resources */,
			);
			buildRules = (
			);
			dependencies = (
				B076A7D42965570F0055298C /* PBXTargetDependency */,
			);
			name = BrainGamesGameTests;
			productName = BrainGamesGameTests;
			productReference = B076A7D22965570F0055298C /* BrainGamesGameTests.xctest */;
			productType = "com.apple.product-type.bundle.unit-test";
		};
		B076A7DB2965570F0055298C /* BrainGamesGameUITests */ = {
			isa = PBXNativeTarget;
			buildConfigurationList = B076A7EC2965570F0055298C /* Build configuration list for PBXNativeTarget "BrainGamesGameUITests" */;
			buildPhases = (
				B076A7D82965570F0055298C /* Sources */,
				B076A7D92965570F0055298C /* Frameworks */,
				B076A7DA2965570F0055298C /* Resources */,
			);
			buildRules = (
			);
			dependencies = (
				B076A7DE2965570F0055298C /* PBXTargetDependency */,
			);
			name = BrainGamesGameUITests;
			productName = BrainGamesGameUITests;
			productReference = B076A7DC2965570F0055298C /* BrainGamesGameUITests.xctest */;
			productType = "com.apple.product-type.bundle.ui-testing";
		};
/* End PBXNativeTarget section */

/* Begin PBXProject section */
		B076A7B42965570E0055298C /* Project object */ = {
			isa = PBXProject;
			attributes = {
				BuildIndependentTargetsInParallel = 1;
				LastSwiftUpdateCheck = 1420;
				LastUpgradeCheck = 1420;
				TargetAttributes = {
					B076A7BB2965570E0055298C = {
						CreatedOnToolsVersion = 14.2;
					};
					B076A7D12965570F0055298C = {
						CreatedOnToolsVersion = 14.2;
						TestTargetID = B076A7BB2965570E0055298C;
					};
					B076A7DB2965570F0055298C = {
						CreatedOnToolsVersion = 14.2;
						TestTargetID = B076A7BB2965570E0055298C;
					};
				};
			};
			buildConfigurationList = B076A7B72965570E0055298C /* Build configuration list for PBXProject "BrainGamesGame" */;
			compatibilityVersion = "Xcode 14.0";
			developmentRegion = en;
			hasScannedForEncodings = 0;
			knownRegions = (
				en,
				Base,
			);
			mainGroup = B076A7B32965570E0055298C;
			productRefGroup = B076A7BD2965570E0055298C /* Products */;
			projectDirPath = "";
			projectRoot = "";
			targets = (
				B076A7BB2965570E0055298C /* BrainGamesGame */,
				B076A7D12965570F0055298C /* BrainGamesGameTests */,
				B076A7DB2965570F0055298C /* BrainGamesGameUITests */,
			);
		};
/* End PBXProject section */

/* Begin PBXResourcesBuildPhase section */
		B076A7BA2965570E0055298C /* Resources */ = {
			isa = PBXResourcesBuildPhase;
			buildActionMask = 2147483647;
			files = (
				B076A7F42965586E0055298C /* GameCollectionViewCell.xib in Resources */,
				B076A7CC2965570F0055298C /* LaunchScreen.storyboard in Resources */,
				B076A7C92965570F0055298C /* Assets.xcassets in Resources */,
				B076A7C72965570E0055298C /* Main.storyboard in Resources */,
			);
			runOnlyForDeploymentPostprocessing = 0;
		};
		B076A7D02965570F0055298C /* Resources */ = {
			isa = PBXResourcesBuildPhase;
			buildActionMask = 2147483647;
			files = (
			);
			runOnlyForDeploymentPostprocessing = 0;
		};
		B076A7DA2965570F0055298C /* Resources */ = {
			isa = PBXResourcesBuildPhase;
			buildActionMask = 2147483647;
			files = (
			);
			runOnlyForDeploymentPostprocessing = 0;
		};
/* End PBXResourcesBuildPhase section */

/* Begin PBXSourcesBuildPhase section */
		B076A7B82965570E0055298C /* Sources */ = {
			isa = PBXSourcesBuildPhase;
			buildActionMask = 2147483647;
			files = (
				B02A248329694C3700853BCD /* SelectModeViewController.swift in Sources */,
				B076A7F32965586E0055298C /* GameCollectionViewCell.swift in Sources */,
				B076A7F0296557950055298C /* CategoryViewController.swift in Sources */,
				B02A24C12969DCEC00853BCD /* MainGameViewController.swift in Sources */,
				B076A7C02965570E0055298C /* AppDelegate.swift in Sources */,
				B076A7C22965570E0055298C /* SceneDelegate.swift in Sources */,
			);
			runOnlyForDeploymentPostprocessing = 0;
		};
		B076A7CE2965570F0055298C /* Sources */ = {
			isa = PBXSourcesBuildPhase;
			buildActionMask = 2147483647;
			files = (
				B076A7D72965570F0055298C /* BrainGamesGameTests.swift in Sources */,
			);
			runOnlyForDeploymentPostprocessing = 0;
		};
		B076A7D82965570F0055298C /* Sources */ = {
			isa = PBXSourcesBuildPhase;
			buildActionMask = 2147483647;
			files = (
				B076A7E12965570F0055298C /* BrainGamesGameUITests.swift in Sources */,
				B076A7E32965570F0055298C /* BrainGamesGameUITestsLaunchTests.swift in Sources */,
			);
			runOnlyForDeploymentPostprocessing = 0;
		};
/* End PBXSourcesBuildPhase section */

/* Begin PBXTargetDependency section */
		B076A7D42965570F0055298C /* PBXTargetDependency */ = {
			isa = PBXTargetDependency;
			target = B076A7BB2965570E0055298C /* BrainGamesGame */;
			targetProxy = B076A7D32965570F0055298C /* PBXContainerItemProxy */;
		};
		B076A7DE2965570F0055298C /* PBXTargetDependency */ = {
			isa = PBXTargetDependency;
			target = B076A7BB2965570E0055298C /* BrainGamesGame */;
			targetProxy = B076A7DD2965570F0055298C /* PBXContainerItemProxy */;
		};
/* End PBXTargetDependency section */

/* Begin PBXVariantGroup section */
		B076A7C52965570E0055298C /* Main.storyboard */ = {
			isa = PBXVariantGroup;
			children = (
				B076A7C62965570E0055298C /* Base */,
			);
			name = Main.storyboard;
			sourceTree = "<group>";
		};
		B076A7CA2965570F0055298C /* LaunchScreen.storyboard */ = {
			isa = PBXVariantGroup;
			children = (
				B076A7CB2965570F0055298C /* Base */,
			);
			name = LaunchScreen.storyboard;
			sourceTree = "<group>";
		};
/* End PBXVariantGroup section */

/* Begin XCBuildConfiguration section */
		B076A7E42965570F0055298C /* Debug */ = {
			isa = XCBuildConfiguration;
			buildSettings = {
				ALWAYS_SEARCH_USER_PATHS = NO;
				CLANG_ANALYZER_NONNULL = YES;
				CLANG_ANALYZER_NUMBER_OBJECT_CONVERSION = YES_AGGRESSIVE;
				CLANG_CXX_LANGUAGE_STANDARD = "gnu++20";
				CLANG_ENABLE_MODULES = YES;
				CLANG_ENABLE_OBJC_ARC = YES;
				CLANG_ENABLE_OBJC_WEAK = YES;
				CLANG_WARN_BLOCK_CAPTURE_AUTORELEASING = YES;
				CLANG_WARN_BOOL_CONVERSION = YES;
				CLANG_WARN_COMMA = YES;
				CLANG_WARN_CONSTANT_CONVERSION = YES;
				CLANG_WARN_DEPRECATED_OBJC_IMPLEMENTATIONS = YES;
				CLANG_WARN_DIRECT_OBJC_ISA_USAGE = YES_ERROR;
				CLANG_WARN_DOCUMENTATION_COMMENTS = YES;
				CLANG_WARN_EMPTY_BODY = YES;
				CLANG_WARN_ENUM_CONVERSION = YES;
				CLANG_WARN_INFINITE_RECURSION = YES;
				CLANG_WARN_INT_CONVERSION = YES;
				CLANG_WARN_NON_LITERAL_NULL_CONVERSION = YES;
				CLANG_WARN_OBJC_IMPLICIT_RETAIN_SELF = YES;
				CLANG_WARN_OBJC_LITERAL_CONVERSION = YES;
				CLANG_WARN_OBJC_ROOT_CLASS = YES_ERROR;
				CLANG_WARN_QUOTED_INCLUDE_IN_FRAMEWORK_HEADER = YES;
				CLANG_WARN_RANGE_LOOP_ANALYSIS = YES;
				CLANG_WARN_STRICT_PROTOTYPES = YES;
				CLANG_WARN_SUSPICIOUS_MOVE = YES;
				CLANG_WARN_UNGUARDED_AVAILABILITY = YES_AGGRESSIVE;
				CLANG_WARN_UNREACHABLE_CODE = YES;
				CLANG_WARN__DUPLICATE_METHOD_MATCH = YES;
				COPY_PHASE_STRIP = NO;
				DEBUG_INFORMATION_FORMAT = dwarf;
				ENABLE_STRICT_OBJC_MSGSEND = YES;
				ENABLE_TESTABILITY = YES;
				GCC_C_LANGUAGE_STANDARD = gnu11;
				GCC_DYNAMIC_NO_PIC = NO;
				GCC_NO_COMMON_BLOCKS = YES;
				GCC_OPTIMIZATION_LEVEL = 0;
				GCC_PREPROCESSOR_DEFINITIONS = (
					"DEBUG=1",
					"$(inherited)",
				);
				GCC_WARN_64_TO_32_BIT_CONVERSION = YES;
				GCC_WARN_ABOUT_RETURN_TYPE = YES_ERROR;
				GCC_WARN_UNDECLARED_SELECTOR = YES;
				GCC_WARN_UNINITIALIZED_AUTOS = YES_AGGRESSIVE;
				GCC_WARN_UNUSED_FUNCTION = YES;
				GCC_WARN_UNUSED_VARIABLE = YES;
				IPHONEOS_DEPLOYMENT_TARGET = 16.2;
				MTL_ENABLE_DEBUG_INFO = INCLUDE_SOURCE;
				MTL_FAST_MATH = YES;
				ONLY_ACTIVE_ARCH = YES;
				SDKROOT = iphoneos;
				SWIFT_ACTIVE_COMPILATION_CONDITIONS = DEBUG;
				SWIFT_OPTIMIZATION_LEVEL = "-Onone";
			};
			name = Debug;
		};
		B076A7E52965570F0055298C /* Release */ = {
			isa = XCBuildConfiguration;
			buildSettings = {
				ALWAYS_SEARCH_USER_PATHS = NO;
				CLANG_ANALYZER_NONNULL = YES;
				CLANG_ANALYZER_NUMBER_OBJECT_CONVERSION = YES_AGGRESSIVE;
				CLANG_CXX_LANGUAGE_STANDARD = "gnu++20";
				CLANG_ENABLE_MODULES = YES;
				CLANG_ENABLE_OBJC_ARC = YES;
				CLANG_ENABLE_OBJC_WEAK = YES;
				CLANG_WARN_BLOCK_CAPTURE_AUTORELEASING = YES;
				CLANG_WARN_BOOL_CONVERSION = YES;
				CLANG_WARN_COMMA = YES;
				CLANG_WARN_CONSTANT_CONVERSION = YES;
				CLANG_WARN_DEPRECATED_OBJC_IMPLEMENTATIONS = YES;
				CLANG_WARN_DIRECT_OBJC_ISA_USAGE = YES_ERROR;
				CLANG_WARN_DOCUMENTATION_COMMENTS = YES;
				CLANG_WARN_EMPTY_BODY = YES;
				CLANG_WARN_ENUM_CONVERSION = YES;
				CLANG_WARN_INFINITE_RECURSION = YES;
				CLANG_WARN_INT_CONVERSION = YES;
				CLANG_WARN_NON_LITERAL_NULL_CONVERSION = YES;
				CLANG_WARN_OBJC_IMPLICIT_RETAIN_SELF = YES;
				CLANG_WARN_OBJC_LITERAL_CONVERSION = YES;
				CLANG_WARN_OBJC_ROOT_CLASS = YES_ERROR;
				CLANG_WARN_QUOTED_INCLUDE_IN_FRAMEWORK_HEADER = YES;
				CLANG_WARN_RANGE_LOOP_ANALYSIS = YES;
				CLANG_WARN_STRICT_PROTOTYPES = YES;
				CLANG_WARN_SUSPICIOUS_MOVE = YES;
				CLANG_WARN_UNGUARDED_AVAILABILITY = YES_AGGRESSIVE;
				CLANG_WARN_UNREACHABLE_CODE = YES;
				CLANG_WARN__DUPLICATE_METHOD_MATCH = YES;
				COPY_PHASE_STRIP = NO;
				DEBUG_INFORMATION_FORMAT = "dwarf-with-dsym";
				ENABLE_NS_ASSERTIONS = NO;
				ENABLE_STRICT_OBJC_MSGSEND = YES;
				GCC_C_LANGUAGE_STANDARD = gnu11;
				GCC_NO_COMMON_BLOCKS = YES;
				GCC_WARN_64_TO_32_BIT_CONVERSION = YES;
				GCC_WARN_ABOUT_RETURN_TYPE = YES_ERROR;
				GCC_WARN_UNDECLARED_SELECTOR = YES;
				GCC_WARN_UNINITIALIZED_AUTOS = YES_AGGRESSIVE;
				GCC_WARN_UNUSED_FUNCTION = YES;
				GCC_WARN_UNUSED_VARIABLE = YES;
				IPHONEOS_DEPLOYMENT_TARGET = 16.2;
				MTL_ENABLE_DEBUG_INFO = NO;
				MTL_FAST_MATH = YES;
				SDKROOT = iphoneos;
				SWIFT_COMPILATION_MODE = wholemodule;
				SWIFT_OPTIMIZATION_LEVEL = "-O";
				VALIDATE_PRODUCT = YES;
			};
			name = Release;
		};
		B076A7E72965570F0055298C /* Debug */ = {
			isa = XCBuildConfiguration;
			buildSettings = {
				ASSETCATALOG_COMPILER_APPICON_NAME = AppIcon;
				ASSETCATALOG_COMPILER_GLOBAL_ACCENT_COLOR_NAME = AccentColor;
				CODE_SIGN_STYLE = Automatic;
				CURRENT_PROJECT_VERSION = 1;
				GENERATE_INFOPLIST_FILE = YES;
				INFOPLIST_FILE = BrainGamesGame/Info.plist;
				INFOPLIST_KEY_UIApplicationSupportsIndirectInputEvents = YES;
				INFOPLIST_KEY_UILaunchStoryboardName = LaunchScreen;
				INFOPLIST_KEY_UIMainStoryboardFile = Main;
				INFOPLIST_KEY_UISupportedInterfaceOrientations_iPad = "UIInterfaceOrientationPortrait UIInterfaceOrientationPortraitUpsideDown UIInterfaceOrientationLandscapeLeft UIInterfaceOrientationLandscapeRight";
				INFOPLIST_KEY_UISupportedInterfaceOrientations_iPhone = "UIInterfaceOrientationPortrait UIInterfaceOrientationLandscapeLeft UIInterfaceOrientationLandscapeRight";
				LD_RUNPATH_SEARCH_PATHS = (
					"$(inherited)",
					"@executable_path/Frameworks",
				);
				MARKETING_VERSION = 1.0;
				PRODUCT_BUNDLE_IDENTIFIER = rnw.com.BrainGamesGame;
				PRODUCT_NAME = "$(TARGET_NAME)";
				SWIFT_EMIT_LOC_STRINGS = YES;
				SWIFT_VERSION = 5.0;
				TARGETED_DEVICE_FAMILY = "1,2";
			};
			name = Debug;
		};
		B076A7E82965570F0055298C /* Release */ = {
			isa = XCBuildConfiguration;
			buildSettings = {
				ASSETCATALOG_COMPILER_APPICON_NAME = AppIcon;
				ASSETCATALOG_COMPILER_GLOBAL_ACCENT_COLOR_NAME = AccentColor;
				CODE_SIGN_STYLE = Automatic;
				CURRENT_PROJECT_VERSION = 1;
				GENERATE_INFOPLIST_FILE = YES;
				INFOPLIST_FILE = BrainGamesGame/Info.plist;
				INFOPLIST_KEY_UIApplicationSupportsIndirectInputEvents = YES;
				INFOPLIST_KEY_UILaunchStoryboardName = LaunchScreen;
				INFOPLIST_KEY_UIMainStoryboardFile = Main;
				INFOPLIST_KEY_UISupportedInterfaceOrientations_iPad = "UIInterfaceOrientationPortrait UIInterfaceOrientationPortraitUpsideDown UIInterfaceOrientationLandscapeLeft UIInterfaceOrientationLandscapeRight";
				INFOPLIST_KEY_UISupportedInterfaceOrientations_iPhone = "UIInterfaceOrientationPortrait UIInterfaceOrientationLandscapeLeft UIInterfaceOrientationLandscapeRight";
				LD_RUNPATH_SEARCH_PATHS = (
					"$(inherited)",
					"@executable_path/Frameworks",
				);
				MARKETING_VERSION = 1.0;
				PRODUCT_BUNDLE_IDENTIFIER = rnw.com.BrainGamesGame;
				PRODUCT_NAME = "$(TARGET_NAME)";
				SWIFT_EMIT_LOC_STRINGS = YES;
				SWIFT_VERSION = 5.0;
				TARGETED_DEVICE_FAMILY = "1,2";
			};
			name = Release;
		};
		B076A7EA2965570F0055298C /* Debug */ = {
			isa = XCBuildConfiguration;
			buildSettings = {
				ALWAYS_EMBED_SWIFT_STANDARD_LIBRARIES = YES;
				BUNDLE_LOADER = "$(TEST_HOST)";
				CODE_SIGN_STYLE = Automatic;
				CURRENT_PROJECT_VERSION = 1;
				GENERATE_INFOPLIST_FILE = YES;
				IPHONEOS_DEPLOYMENT_TARGET = 16.2;
				MARKETING_VERSION = 1.0;
				PRODUCT_BUNDLE_IDENTIFIER = rnw.com.BrainGamesGameTests;
				PRODUCT_NAME = "$(TARGET_NAME)";
				SWIFT_EMIT_LOC_STRINGS = NO;
				SWIFT_VERSION = 5.0;
				TARGETED_DEVICE_FAMILY = "1,2";
				TEST_HOST = "$(BUILT_PRODUCTS_DIR)/BrainGamesGame.app/$(BUNDLE_EXECUTABLE_FOLDER_PATH)/BrainGamesGame";
			};
			name = Debug;
		};
		B076A7EB2965570F0055298C /* Release */ = {
			isa = XCBuildConfiguration;
			buildSettings = {
				ALWAYS_EMBED_SWIFT_STANDARD_LIBRARIES = YES;
				BUNDLE_LOADER = "$(TEST_HOST)";
				CODE_SIGN_STYLE = Automatic;
				CURRENT_PROJECT_VERSION = 1;
				GENERATE_INFOPLIST_FILE = YES;
				IPHONEOS_DEPLOYMENT_TARGET = 16.2;
				MARKETING_VERSION = 1.0;
				PRODUCT_BUNDLE_IDENTIFIER = rnw.com.BrainGamesGameTests;
				PRODUCT_NAME = "$(TARGET_NAME)";
				SWIFT_EMIT_LOC_STRINGS = NO;
				SWIFT_VERSION = 5.0;
				TARGETED_DEVICE_FAMILY = "1,2";
				TEST_HOST = "$(BUILT_PRODUCTS_DIR)/BrainGamesGame.app/$(BUNDLE_EXECUTABLE_FOLDER_PATH)/BrainGamesGame";
			};
			name = Release;
		};
		B076A7ED2965570F0055298C /* Debug */ = {
			isa = XCBuildConfiguration;
			buildSettings = {
				ALWAYS_EMBED_SWIFT_STANDARD_LIBRARIES = YES;
				CODE_SIGN_STYLE = Automatic;
				CURRENT_PROJECT_VERSION = 1;
				GENERATE_INFOPLIST_FILE = YES;
				MARKETING_VERSION = 1.0;
				PRODUCT_BUNDLE_IDENTIFIER = rnw.com.BrainGamesGameUITests;
				PRODUCT_NAME = "$(TARGET_NAME)";
				SWIFT_EMIT_LOC_STRINGS = NO;
				SWIFT_VERSION = 5.0;
				TARGETED_DEVICE_FAMILY = "1,2";
				TEST_TARGET_NAME = BrainGamesGame;
			};
			name = Debug;
		};
		B076A7EE2965570F0055298C /* Release */ = {
			isa = XCBuildConfiguration;
			buildSettings = {
				ALWAYS_EMBED_SWIFT_STANDARD_LIBRARIES = YES;
				CODE_SIGN_STYLE = Automatic;
				CURRENT_PROJECT_VERSION = 1;
				GENERATE_INFOPLIST_FILE = YES;
				MARKETING_VERSION = 1.0;
				PRODUCT_BUNDLE_IDENTIFIER = rnw.com.BrainGamesGameUITests;
				PRODUCT_NAME = "$(TARGET_NAME)";
				SWIFT_EMIT_LOC_STRINGS = NO;
				SWIFT_VERSION = 5.0;
				TARGETED_DEVICE_FAMILY = "1,2";
				TEST_TARGET_NAME = BrainGamesGame;
			};
			name = Release;
		};
/* End XCBuildConfiguration section */

/* Begin XCConfigurationList section */
		B076A7B72965570E0055298C /* Build configuration list for PBXProject "BrainGamesGame" */ = {
			isa = XCConfigurationList;
			buildConfigurations = (
				B076A7E42965570F0055298C /* Debug */,
				B076A7E52965570F0055298C /* Release */,
			);
			defaultConfigurationIsVisible = 0;
			defaultConfigurationName = Release;
		};
		B076A7E62965570F0055298C /* Build configuration list for PBXNativeTarget "BrainGamesGame" */ = {
			isa = XCConfigurationList;
			buildConfigurations = (
				B076A7E72965570F0055298C /* Debug */,
				B076A7E82965570F0055298C /* Release */,
			);
			defaultConfigurationIsVisible = 0;
			defaultConfigurationName = Release;
		};
		B076A7E92965570F0055298C /* Build configuration list for PBXNativeTarget "BrainGamesGameTests" */ = {
			isa = XCConfigurationList;
			buildConfigurations = (
				B076A7EA2965570F0055298C /* Debug */,
				B076A7EB2965570F0055298C /* Release */,
			);
			defaultConfigurationIsVisible = 0;
			defaultConfigurationName = Release;
		};
		B076A7EC2965570F0055298C /* Build configuration list for PBXNativeTarget "BrainGamesGameUITests" */ = {
			isa = XCConfigurationList;
			buildConfigurations = (
				B076A7ED2965570F0055298C /* Debug */,
				B076A7EE2965570F0055298C /* Release */,
			);
			defaultConfigurationIsVisible = 0;
			defaultConfigurationName = Release;
		};
/* End XCConfigurationList section */
	};
	rootObject = B076A7B42965570E0055298C /* Project object */;
}
